// !$*UTF8*$!
{
	archiveVersion = 1;
	classes = {
	};
	objectVersion = 46;
	objects = {

/* Begin PBXBuildFile section */
		42B0DFC717A81E2800BACB2C /* Foundation.framework in Frameworks */ = {isa = PBXBuildFile; fileRef = 42B0DFC617A81E2800BACB2C /* Foundation.framework */; };
		42B0DFC917A81E2800BACB2C /* CoreGraphics.framework in Frameworks */ = {isa = PBXBuildFile; fileRef = 42B0DFC817A81E2800BACB2C /* CoreGraphics.framework */; };
		42B0DFCB17A81E2800BACB2C /* UIKit.framework in Frameworks */ = {isa = PBXBuildFile; fileRef = 42B0DFCA17A81E2800BACB2C /* UIKit.framework */; };
		42B0DFD117A81E2800BACB2C /* InfoPlist.strings in Resources */ = {isa = PBXBuildFile; fileRef = 42B0DFCF17A81E2800BACB2C /* InfoPlist.strings */; };
		42B0DFD317A81E2800BACB2C /* main.m in Sources */ = {isa = PBXBuildFile; fileRef = 42B0DFD217A81E2800BACB2C /* main.m */; };
		42B0DFD717A81E2800BACB2C /* AppDelegate.m in Sources */ = {isa = PBXBuildFile; fileRef = 42B0DFD617A81E2800BACB2C /* AppDelegate.m */; };
		42B0DFD917A81E2800BACB2C /* Images.xcassets in Resources */ = {isa = PBXBuildFile; fileRef = 42B0DFD817A81E2800BACB2C /* Images.xcassets */; };
		42B0DFE017A81E2800BACB2C /* XCTest.framework in Frameworks */ = {isa = PBXBuildFile; fileRef = 42B0DFDF17A81E2800BACB2C /* XCTest.framework */; };
		42B0DFE117A81E2800BACB2C /* Foundation.framework in Frameworks */ = {isa = PBXBuildFile; fileRef = 42B0DFC617A81E2800BACB2C /* Foundation.framework */; };
		42B0DFE217A81E2800BACB2C /* UIKit.framework in Frameworks */ = {isa = PBXBuildFile; fileRef = 42B0DFCA17A81E2800BACB2C /* UIKit.framework */; };
		42B0DFEA17A81E2800BACB2C /* InfoPlist.strings in Resources */ = {isa = PBXBuildFile; fileRef = 42B0DFE817A81E2800BACB2C /* InfoPlist.strings */; };
		42B0DFEC17A81E2800BACB2C /* pixsterTests.m in Sources */ = {isa = PBXBuildFile; fileRef = 42B0DFEB17A81E2800BACB2C /* pixsterTests.m */; };
		42B0DFF817A81E6200BACB2C /* SearchViewController.m in Sources */ = {isa = PBXBuildFile; fileRef = 42B0DFF617A81E6200BACB2C /* SearchViewController.m */; };
		42B0DFF917A81E6200BACB2C /* SearchViewController.xib in Resources */ = {isa = PBXBuildFile; fileRef = 42B0DFF717A81E6200BACB2C /* SearchViewController.xib */; };
		42B0E08D17A82E2E00BACB2C /* AFHTTPClient.m in Sources */ = {isa = PBXBuildFile; fileRef = 42B0E07B17A82E2E00BACB2C /* AFHTTPClient.m */; };
		42B0E08E17A82E2E00BACB2C /* AFHTTPRequestOperation.m in Sources */ = {isa = PBXBuildFile; fileRef = 42B0E07D17A82E2E00BACB2C /* AFHTTPRequestOperation.m */; };
		42B0E08F17A82E2E00BACB2C /* AFImageRequestOperation.m in Sources */ = {isa = PBXBuildFile; fileRef = 42B0E07F17A82E2E00BACB2C /* AFImageRequestOperation.m */; };
		42B0E09017A82E2E00BACB2C /* AFJSONRequestOperation.m in Sources */ = {isa = PBXBuildFile; fileRef = 42B0E08117A82E2E00BACB2C /* AFJSONRequestOperation.m */; };
		42B0E09117A82E2E00BACB2C /* AFNetworkActivityIndicatorManager.m in Sources */ = {isa = PBXBuildFile; fileRef = 42B0E08317A82E2E00BACB2C /* AFNetworkActivityIndicatorManager.m */; };
		42B0E09217A82E2E00BACB2C /* AFPropertyListRequestOperation.m in Sources */ = {isa = PBXBuildFile; fileRef = 42B0E08617A82E2E00BACB2C /* AFPropertyListRequestOperation.m */; };
		42B0E09317A82E2E00BACB2C /* AFURLConnectionOperation.m in Sources */ = {isa = PBXBuildFile; fileRef = 42B0E08817A82E2E00BACB2C /* AFURLConnectionOperation.m */; };
		42B0E09417A82E2E00BACB2C /* AFXMLRequestOperation.m in Sources */ = {isa = PBXBuildFile; fileRef = 42B0E08A17A82E2E00BACB2C /* AFXMLRequestOperation.m */; };
		42B0E09517A82E2E00BACB2C /* UIImageView+AFNetworking.m in Sources */ = {isa = PBXBuildFile; fileRef = 42B0E08C17A82E2E00BACB2C /* UIImageView+AFNetworking.m */; };
/* End PBXBuildFile section */

/* Begin PBXContainerItemProxy section */
		42B0DFE317A81E2800BACB2C /* PBXContainerItemProxy */ = {
			isa = PBXContainerItemProxy;
			containerPortal = 42B0DFBB17A81E2800BACB2C /* Project object */;
			proxyType = 1;
			remoteGlobalIDString = 42B0DFC217A81E2800BACB2C;
			remoteInfo = pixster;
		};
/* End PBXContainerItemProxy section */

/* Begin PBXFileReference section */
		42B0DFC317A81E2800BACB2C /* pixster.app */ = {isa = PBXFileReference; explicitFileType = wrapper.application; includeInIndex = 0; path = pixster.app; sourceTree = BUILT_PRODUCTS_DIR; };
		42B0DFC617A81E2800BACB2C /* Foundation.framework */ = {isa = PBXFileReference; lastKnownFileType = wrapper.framework; name = Foundation.framework; path = System/Library/Frameworks/Foundation.framework; sourceTree = SDKROOT; };
		42B0DFC817A81E2800BACB2C /* CoreGraphics.framework */ = {isa = PBXFileReference; lastKnownFileType = wrapper.framework; name = CoreGraphics.framework; path = System/Library/Frameworks/CoreGraphics.framework; sourceTree = SDKROOT; };
		42B0DFCA17A81E2800BACB2C /* UIKit.framework */ = {isa = PBXFileReference; lastKnownFileType = wrapper.framework; name = UIKit.framework; path = System/Library/Frameworks/UIKit.framework; sourceTree = SDKROOT; };
		42B0DFCE17A81E2800BACB2C /* pixster-Info.plist */ = {isa = PBXFileReference; lastKnownFileType = text.plist.xml; path = "pixster-Info.plist"; sourceTree = "<group>"; };
		42B0DFD017A81E2800BACB2C /* en */ = {isa = PBXFileReference; lastKnownFileType = text.plist.strings; name = en; path = en.lproj/InfoPlist.strings; sourceTree = "<group>"; };
		42B0DFD217A81E2800BACB2C /* main.m */ = {isa = PBXFileReference; lastKnownFileType = sourcecode.c.objc; path = main.m; sourceTree = "<group>"; };
		42B0DFD417A81E2800BACB2C /* pixster-Prefix.pch */ = {isa = PBXFileReference; lastKnownFileType = sourcecode.c.h; path = "pixster-Prefix.pch"; sourceTree = "<group>"; };
		42B0DFD517A81E2800BACB2C /* AppDelegate.h */ = {isa = PBXFileReference; lastKnownFileType = sourcecode.c.h; path = AppDelegate.h; sourceTree = "<group>"; };
		42B0DFD617A81E2800BACB2C /* AppDelegate.m */ = {isa = PBXFileReference; lastKnownFileType = sourcecode.c.objc; path = AppDelegate.m; sourceTree = "<group>"; };
		42B0DFD817A81E2800BACB2C /* Images.xcassets */ = {isa = PBXFileReference; lastKnownFileType = folder.assetcatalog; path = Images.xcassets; sourceTree = "<group>"; };
		42B0DFDE17A81E2800BACB2C /* pixsterTests.xctest */ = {isa = PBXFileReference; explicitFileType = wrapper.cfbundle; includeInIndex = 0; path = pixsterTests.xctest; sourceTree = BUILT_PRODUCTS_DIR; };
		42B0DFDF17A81E2800BACB2C /* XCTest.framework */ = {isa = PBXFileReference; lastKnownFileType = wrapper.framework; name = XCTest.framework; path = Library/Frameworks/XCTest.framework; sourceTree = DEVELOPER_DIR; };
		42B0DFE717A81E2800BACB2C /* pixsterTests-Info.plist */ = {isa = PBXFileReference; lastKnownFileType = text.plist.xml; path = "pixsterTests-Info.plist"; sourceTree = "<group>"; };
		42B0DFE917A81E2800BACB2C /* en */ = {isa = PBXFileReference; lastKnownFileType = text.plist.strings; name = en; path = en.lproj/InfoPlist.strings; sourceTree = "<group>"; };
		42B0DFEB17A81E2800BACB2C /* pixsterTests.m */ = {isa = PBXFileReference; lastKnownFileType = sourcecode.c.objc; path = pixsterTests.m; sourceTree = "<group>"; };
		42B0DFF517A81E6200BACB2C /* SearchViewController.h */ = {isa = PBXFileReference; fileEncoding = 4; lastKnownFileType = sourcecode.c.h; path = SearchViewController.h; sourceTree = "<group>"; };
		42B0DFF617A81E6200BACB2C /* SearchViewController.m */ = {isa = PBXFileReference; fileEncoding = 4; lastKnownFileType = sourcecode.c.objc; path = SearchViewController.m; sourceTree = "<group>"; };
		42B0DFF717A81E6200BACB2C /* SearchViewController.xib */ = {isa = PBXFileReference; fileEncoding = 4; lastKnownFileType = file.xib; path = SearchViewController.xib; sourceTree = "<group>"; };
		42B0E07A17A82E2E00BACB2C /* AFHTTPClient.h */ = {isa = PBXFileReference; fileEncoding = 4; lastKnownFileType = sourcecode.c.h; path = AFHTTPClient.h; sourceTree = "<group>"; };
		42B0E07B17A82E2E00BACB2C /* AFHTTPClient.m */ = {isa = PBXFileReference; fileEncoding = 4; lastKnownFileType = sourcecode.c.objc; path = AFHTTPClient.m; sourceTree = "<group>"; };
		42B0E07C17A82E2E00BACB2C /* AFHTTPRequestOperation.h */ = {isa = PBXFileReference; fileEncoding = 4; lastKnownFileType = sourcecode.c.h; path = AFHTTPRequestOperation.h; sourceTree = "<group>"; };
		42B0E07D17A82E2E00BACB2C /* AFHTTPRequestOperation.m */ = {isa = PBXFileReference; fileEncoding = 4; lastKnownFileType = sourcecode.c.objc; path = AFHTTPRequestOperation.m; sourceTree = "<group>"; };
		42B0E07E17A82E2E00BACB2C /* AFImageRequestOperation.h */ = {isa = PBXFileReference; fileEncoding = 4; lastKnownFileType = sourcecode.c.h; path = AFImageRequestOperation.h; sourceTree = "<group>"; };
		42B0E07F17A82E2E00BACB2C /* AFImageRequestOperation.m */ = {isa = PBXFileReference; fileEncoding = 4; lastKnownFileType = sourcecode.c.objc; path = AFImageRequestOperation.m; sourceTree = "<group>"; };
		42B0E08017A82E2E00BACB2C /* AFJSONRequestOperation.h */ = {isa = PBXFileReference; fileEncoding = 4; lastKnownFileType = sourcecode.c.h; path = AFJSONRequestOperation.h; sourceTree = "<group>"; };
		42B0E08117A82E2E00BACB2C /* AFJSONRequestOperation.m */ = {isa = PBXFileReference; fileEncoding = 4; lastKnownFileType = sourcecode.c.objc; path = AFJSONRequestOperation.m; sourceTree = "<group>"; };
		42B0E08217A82E2E00BACB2C /* AFNetworkActivityIndicatorManager.h */ = {isa = PBXFileReference; fileEncoding = 4; lastKnownFileType = sourcecode.c.h; path = AFNetworkActivityIndicatorManager.h; sourceTree = "<group>"; };
		42B0E08317A82E2E00BACB2C /* AFNetworkActivityIndicatorManager.m */ = {isa = PBXFileReference; fileEncoding = 4; lastKnownFileType = sourcecode.c.objc; path = AFNetworkActivityIndicatorManager.m; sourceTree = "<group>"; };
		42B0E08417A82E2E00BACB2C /* AFNetworking.h */ = {isa = PBXFileReference; fileEncoding = 4; lastKnownFileType = sourcecode.c.h; path = AFNetworking.h; sourceTree = "<group>"; };
		42B0E08517A82E2E00BACB2C /* AFPropertyListRequestOperation.h */ = {isa = PBXFileReference; fileEncoding = 4; lastKnownFileType = sourcecode.c.h; path = AFPropertyListRequestOperation.h; sourceTree = "<group>"; };
		42B0E08617A82E2E00BACB2C /* AFPropertyListRequestOperation.m */ = {isa = PBXFileReference; fileEncoding = 4; lastKnownFileType = sourcecode.c.objc; path = AFPropertyListRequestOperation.m; sourceTree = "<group>"; };
		42B0E08717A82E2E00BACB2C /* AFURLConnectionOperation.h */ = {isa = PBXFileReference; fileEncoding = 4; lastKnownFileType = sourcecode.c.h; path = AFURLConnectionOperation.h; sourceTree = "<group>"; };
		42B0E08817A82E2E00BACB2C /* AFURLConnectionOperation.m */ = {isa = PBXFileReference; fileEncoding = 4; lastKnownFileType = sourcecode.c.objc; path = AFURLConnectionOperation.m; sourceTree = "<group>"; };
		42B0E08917A82E2E00BACB2C /* AFXMLRequestOperation.h */ = {isa = PBXFileReference; fileEncoding = 4; lastKnownFileType = sourcecode.c.h; path = AFXMLRequestOperation.h; sourceTree = "<group>"; };
		42B0E08A17A82E2E00BACB2C /* AFXMLRequestOperation.m */ = {isa = PBXFileReference; fileEncoding = 4; lastKnownFileType = sourcecode.c.objc; path = AFXMLRequestOperation.m; sourceTree = "<group>"; };
		42B0E08B17A82E2E00BACB2C /* UIImageView+AFNetworking.h */ = {isa = PBXFileReference; fileEncoding = 4; lastKnownFileType = sourcecode.c.h; path = "UIImageView+AFNetworking.h"; sourceTree = "<group>"; };
		42B0E08C17A82E2E00BACB2C /* UIImageView+AFNetworking.m */ = {isa = PBXFileReference; fileEncoding = 4; lastKnownFileType = sourcecode.c.objc; path = "UIImageView+AFNetworking.m"; sourceTree = "<group>"; };
/* End PBXFileReference section */

/* Begin PBXFrameworksBuildPhase section */
		42B0DFC017A81E2800BACB2C /* Frameworks */ = {
			isa = PBXFrameworksBuildPhase;
			buildActionMask = 2147483647;
			files = (
				42B0DFC917A81E2800BACB2C /* CoreGraphics.framework in Frameworks */,
				42B0DFCB17A81E2800BACB2C /* UIKit.framework in Frameworks */,
				42B0DFC717A81E2800BACB2C /* Foundation.framework in Frameworks */,
			);
			runOnlyForDeploymentPostprocessing = 0;
		};
		42B0DFDB17A81E2800BACB2C /* Frameworks */ = {
			isa = PBXFrameworksBuildPhase;
			buildActionMask = 2147483647;
			files = (
				42B0DFE017A81E2800BACB2C /* XCTest.framework in Frameworks */,
				42B0DFE217A81E2800BACB2C /* UIKit.framework in Frameworks */,
				42B0DFE117A81E2800BACB2C /* Foundation.framework in Frameworks */,
			);
			runOnlyForDeploymentPostprocessing = 0;
		};
/* End PBXFrameworksBuildPhase section */

/* Begin PBXGroup section */
		42B0DFBA17A81E2800BACB2C = {
			isa = PBXGroup;
			children = (
				42B0DFCC17A81E2800BACB2C /* pixster */,
				42B0DFE517A81E2800BACB2C /* pixsterTests */,
				42B0DFC517A81E2800BACB2C /* Frameworks */,
				42B0DFC417A81E2800BACB2C /* Products */,
			);
			sourceTree = "<group>";
		};
		42B0DFC417A81E2800BACB2C /* Products */ = {
			isa = PBXGroup;
			children = (
				42B0DFC317A81E2800BACB2C /* pixster.app */,
				42B0DFDE17A81E2800BACB2C /* pixsterTests.xctest */,
			);
			name = Products;
			sourceTree = "<group>";
		};
		42B0DFC517A81E2800BACB2C /* Frameworks */ = {
			isa = PBXGroup;
			children = (
				42B0DFC617A81E2800BACB2C /* Foundation.framework */,
				42B0DFC817A81E2800BACB2C /* CoreGraphics.framework */,
				42B0DFCA17A81E2800BACB2C /* UIKit.framework */,
				42B0DFDF17A81E2800BACB2C /* XCTest.framework */,
			);
			name = Frameworks;
			sourceTree = "<group>";
		};
		42B0DFCC17A81E2800BACB2C /* pixster */ = {
			isa = PBXGroup;
			children = (
				42B0DFD517A81E2800BACB2C /* AppDelegate.h */,
				42B0DFD617A81E2800BACB2C /* AppDelegate.m */,
				42B0DFD817A81E2800BACB2C /* Images.xcassets */,
				42B0DFCD17A81E2800BACB2C /* Supporting Files */,
				42B0DFF517A81E6200BACB2C /* SearchViewController.h */,
				42B0DFF617A81E6200BACB2C /* SearchViewController.m */,
				42B0DFF717A81E6200BACB2C /* SearchViewController.xib */,
				42B0E07917A82E2E00BACB2C /* AFNetworking */,
			);
			path = pixster;
			sourceTree = "<group>";
		};
		42B0DFCD17A81E2800BACB2C /* Supporting Files */ = {
			isa = PBXGroup;
			children = (
				42B0DFCE17A81E2800BACB2C /* pixster-Info.plist */,
				42B0DFCF17A81E2800BACB2C /* InfoPlist.strings */,
				42B0DFD217A81E2800BACB2C /* main.m */,
				42B0DFD417A81E2800BACB2C /* pixster-Prefix.pch */,
			);
			name = "Supporting Files";
			sourceTree = "<group>";
		};
		42B0DFE517A81E2800BACB2C /* pixsterTests */ = {
			isa = PBXGroup;
			children = (
				42B0DFEB17A81E2800BACB2C /* pixsterTests.m */,
				42B0DFE617A81E2800BACB2C /* Supporting Files */,
			);
			path = pixsterTests;
			sourceTree = "<group>";
		};
		42B0DFE617A81E2800BACB2C /* Supporting Files */ = {
			isa = PBXGroup;
			children = (
				42B0DFE717A81E2800BACB2C /* pixsterTests-Info.plist */,
				42B0DFE817A81E2800BACB2C /* InfoPlist.strings */,
			);
			name = "Supporting Files";
			sourceTree = "<group>";
		};
		42B0E07917A82E2E00BACB2C /* AFNetworking */ = {
			isa = PBXGroup;
			children = (
				42B0E07A17A82E2E00BACB2C /* AFHTTPClient.h */,
				42B0E07B17A82E2E00BACB2C /* AFHTTPClient.m */,
				42B0E07C17A82E2E00BACB2C /* AFHTTPRequestOperation.h */,
				42B0E07D17A82E2E00BACB2C /* AFHTTPRequestOperation.m */,
				42B0E07E17A82E2E00BACB2C /* AFImageRequestOperation.h */,
				42B0E07F17A82E2E00BACB2C /* AFImageRequestOperation.m */,
				42B0E08017A82E2E00BACB2C /* AFJSONRequestOperation.h */,
				42B0E08117A82E2E00BACB2C /* AFJSONRequestOperation.m */,
				42B0E08217A82E2E00BACB2C /* AFNetworkActivityIndicatorManager.h */,
				42B0E08317A82E2E00BACB2C /* AFNetworkActivityIndicatorManager.m */,
				42B0E08417A82E2E00BACB2C /* AFNetworking.h */,
				42B0E08517A82E2E00BACB2C /* AFPropertyListRequestOperation.h */,
				42B0E08617A82E2E00BACB2C /* AFPropertyListRequestOperation.m */,
				42B0E08717A82E2E00BACB2C /* AFURLConnectionOperation.h */,
				42B0E08817A82E2E00BACB2C /* AFURLConnectionOperation.m */,
				42B0E08917A82E2E00BACB2C /* AFXMLRequestOperation.h */,
				42B0E08A17A82E2E00BACB2C /* AFXMLRequestOperation.m */,
				42B0E08B17A82E2E00BACB2C /* UIImageView+AFNetworking.h */,
				42B0E08C17A82E2E00BACB2C /* UIImageView+AFNetworking.m */,
			);
			path = AFNetworking;
			sourceTree = "<group>";
		};
/* End PBXGroup section */

/* Begin PBXNativeTarget section */
		42B0DFC217A81E2800BACB2C /* pixster */ = {
			isa = PBXNativeTarget;
			buildConfigurationList = 42B0DFEF17A81E2800BACB2C /* Build configuration list for PBXNativeTarget "pixster" */;
			buildPhases = (
				42B0DFBF17A81E2800BACB2C /* Sources */,
				42B0DFC017A81E2800BACB2C /* Frameworks */,
				42B0DFC117A81E2800BACB2C /* Resources */,
			);
			buildRules = (
			);
			dependencies = (
			);
			name = pixster;
			productName = pixster;
			productReference = 42B0DFC317A81E2800BACB2C /* pixster.app */;
			productType = "com.apple.product-type.application";
		};
		42B0DFDD17A81E2800BACB2C /* pixsterTests */ = {
			isa = PBXNativeTarget;
			buildConfigurationList = 42B0DFF217A81E2800BACB2C /* Build configuration list for PBXNativeTarget "pixsterTests" */;
			buildPhases = (
				42B0DFDA17A81E2800BACB2C /* Sources */,
				42B0DFDB17A81E2800BACB2C /* Frameworks */,
				42B0DFDC17A81E2800BACB2C /* Resources */,
			);
			buildRules = (
			);
			dependencies = (
				42B0DFE417A81E2800BACB2C /* PBXTargetDependency */,
			);
			name = pixsterTests;
			productName = pixsterTests;
			productReference = 42B0DFDE17A81E2800BACB2C /* pixsterTests.xctest */;
			productType = "com.apple.product-type.bundle.unit-test";
		};
/* End PBXNativeTarget section */

/* Begin PBXProject section */
		42B0DFBB17A81E2800BACB2C /* Project object */ = {
			isa = PBXProject;
			attributes = {
				LastUpgradeCheck = 0500;
				ORGANIZATIONNAME = codepath;
				TargetAttributes = {
					42B0DFC217A81E2800BACB2C = {
						DevelopmentTeam = 86C6U2J5JU;
					};
					42B0DFDD17A81E2800BACB2C = {
						TestTargetID = 42B0DFC217A81E2800BACB2C;
					};
				};
			};
			buildConfigurationList = 42B0DFBE17A81E2800BACB2C /* Build configuration list for PBXProject "pixster" */;
			compatibilityVersion = "Xcode 3.2";
			developmentRegion = English;
			hasScannedForEncodings = 0;
			knownRegions = (
				en,
			);
			mainGroup = 42B0DFBA17A81E2800BACB2C;
			productRefGroup = 42B0DFC417A81E2800BACB2C /* Products */;
			projectDirPath = "";
			projectRoot = "";
			targets = (
				42B0DFC217A81E2800BACB2C /* pixster */,
				42B0DFDD17A81E2800BACB2C /* pixsterTests */,
			);
		};
/* End PBXProject section */

/* Begin PBXResourcesBuildPhase section */
		42B0DFC117A81E2800BACB2C /* Resources */ = {
			isa = PBXResourcesBuildPhase;
			buildActionMask = 2147483647;
			files = (
				42B0DFD117A81E2800BACB2C /* InfoPlist.strings in Resources */,
				42B0DFD917A81E2800BACB2C /* Images.xcassets in Resources */,
				42B0DFF917A81E6200BACB2C /* SearchViewController.xib in Resources */,
			);
			runOnlyForDeploymentPostprocessing = 0;
		};
		42B0DFDC17A81E2800BACB2C /* Resources */ = {
			isa = PBXResourcesBuildPhase;
			buildActionMask = 2147483647;
			files = (
				42B0DFEA17A81E2800BACB2C /* InfoPlist.strings in Resources */,
			);
			runOnlyForDeploymentPostprocessing = 0;
		};
/* End PBXResourcesBuildPhase section */

/* Begin PBXSourcesBuildPhase section */
		42B0DFBF17A81E2800BACB2C /* Sources */ = {
			isa = PBXSourcesBuildPhase;
			buildActionMask = 2147483647;
			files = (
				42B0E09317A82E2E00BACB2C /* AFURLConnectionOperation.m in Sources */,
				42B0E09517A82E2E00BACB2C /* UIImageView+AFNetworking.m in Sources */,
				42B0E08F17A82E2E00BACB2C /* AFImageRequestOperation.m in Sources */,
				42B0E08E17A82E2E00BACB2C /* AFHTTPRequestOperation.m in Sources */,
				42B0E08D17A82E2E00BACB2C /* AFHTTPClient.m in Sources */,
				42B0E09417A82E2E00BACB2C /* AFXMLRequestOperation.m in Sources */,
				42B0DFD717A81E2800BACB2C /* AppDelegate.m in Sources */,
				42B0DFF817A81E6200BACB2C /* SearchViewController.m in Sources */,
				42B0E09017A82E2E00BACB2C /* AFJSONRequestOperation.m in Sources */,
				42B0DFD317A81E2800BACB2C /* main.m in Sources */,
				42B0E09217A82E2E00BACB2C /* AFPropertyListRequestOperation.m in Sources */,
				42B0E09117A82E2E00BACB2C /* AFNetworkActivityIndicatorManager.m in Sources */,
			);
			runOnlyForDeploymentPostprocessing = 0;
		};
		42B0DFDA17A81E2800BACB2C /* Sources */ = {
			isa = PBXSourcesBuildPhase;
			buildActionMask = 2147483647;
			files = (
				42B0DFEC17A81E2800BACB2C /* pixsterTests.m in Sources */,
			);
			runOnlyForDeploymentPostprocessing = 0;
		};
/* End PBXSourcesBuildPhase section */

/* Begin PBXTargetDependency section */
		42B0DFE417A81E2800BACB2C /* PBXTargetDependency */ = {
			isa = PBXTargetDependency;
			target = 42B0DFC217A81E2800BACB2C /* pixster */;
			targetProxy = 42B0DFE317A81E2800BACB2C /* PBXContainerItemProxy */;
		};
/* End PBXTargetDependency section */

/* Begin PBXVariantGroup section */
		42B0DFCF17A81E2800BACB2C /* InfoPlist.strings */ = {
			isa = PBXVariantGroup;
			children = (
				42B0DFD017A81E2800BACB2C /* en */,
			);
			name = InfoPlist.strings;
			sourceTree = "<group>";
		};
		42B0DFE817A81E2800BACB2C /* InfoPlist.strings */ = {
			isa = PBXVariantGroup;
			children = (
				42B0DFE917A81E2800BACB2C /* en */,
			);
			name = InfoPlist.strings;
			sourceTree = "<group>";
		};
/* End PBXVariantGroup section */

/* Begin XCBuildConfiguration section */
		42B0DFED17A81E2800BACB2C /* Debug */ = {
			isa = XCBuildConfiguration;
			buildSettings = {
				ALWAYS_SEARCH_USER_PATHS = NO;
				CLANG_CXX_LANGUAGE_STANDARD = "gnu++0x";
				CLANG_CXX_LIBRARY = "libc++";
				CLANG_ENABLE_MODULES = YES;
				CLANG_ENABLE_OBJC_ARC = YES;
				CLANG_WARN_BOOL_CONVERSION = YES;
				CLANG_WARN_CONSTANT_CONVERSION = YES;
				CLANG_WARN_DIRECT_OBJC_ISA_USAGE = YES_ERROR;
				CLANG_WARN_EMPTY_BODY = YES;
				CLANG_WARN_ENUM_CONVERSION = YES;
				CLANG_WARN_INT_CONVERSION = YES;
				CLANG_WARN_OBJC_ROOT_CLASS = YES_ERROR;
				CLANG_WARN__DUPLICATE_METHOD_MATCH = YES;
				"CODE_SIGN_IDENTITY[sdk=iphoneos*]" = "iPhone Developer";
				COPY_PHASE_STRIP = NO;
				GCC_C_LANGUAGE_STANDARD = gnu99;
				GCC_DYNAMIC_NO_PIC = NO;
				GCC_OPTIMIZATION_LEVEL = 0;
				GCC_PREPROCESSOR_DEFINITIONS = (
					"DEBUG=1",
					"$(inherited)",
				);
				GCC_SYMBOLS_PRIVATE_EXTERN = NO;
				GCC_WARN_ABOUT_RETURN_TYPE = YES_ERROR;
				GCC_WARN_UNDECLARED_SELECTOR = YES;
				GCC_WARN_UNINITIALIZED_AUTOS = YES;
				GCC_WARN_UNUSED_FUNCTION = YES;
				GCC_WARN_UNUSED_VARIABLE = YES;
				IPHONEOS_DEPLOYMENT_TARGET = 7.0;
				ONLY_ACTIVE_ARCH = YES;
				SDKROOT = iphoneos;
			};
			name = Debug;
		};
		42B0DFEE17A81E2800BACB2C /* Release */ = {
			isa = XCBuildConfiguration;
			buildSettings = {
				ALWAYS_SEARCH_USER_PATHS = NO;
				CLANG_CXX_LANGUAGE_STANDARD = "gnu++0x";
				CLANG_CXX_LIBRARY = "libc++";
				CLANG_ENABLE_MODULES = YES;
				CLANG_ENABLE_OBJC_ARC = YES;
				CLANG_WARN_BOOL_CONVERSION = YES;
				CLANG_WARN_CONSTANT_CONVERSION = YES;
				CLANG_WARN_DIRECT_OBJC_ISA_USAGE = YES_ERROR;
				CLANG_WARN_EMPTY_BODY = YES;
				CLANG_WARN_ENUM_CONVERSION = YES;
				CLANG_WARN_INT_CONVERSION = YES;
				CLANG_WARN_OBJC_ROOT_CLASS = YES_ERROR;
				CLANG_WARN__DUPLICATE_METHOD_MATCH = YES;
				"CODE_SIGN_IDENTITY[sdk=iphoneos*]" = "iPhone Developer";
				COPY_PHASE_STRIP = YES;
				ENABLE_NS_ASSERTIONS = NO;
				GCC_C_LANGUAGE_STANDARD = gnu99;
				GCC_WARN_ABOUT_RETURN_TYPE = YES_ERROR;
				GCC_WARN_UNDECLARED_SELECTOR = YES;
				GCC_WARN_UNINITIALIZED_AUTOS = YES;
				GCC_WARN_UNUSED_FUNCTION = YES;
				GCC_WARN_UNUSED_VARIABLE = YES;
				IPHONEOS_DEPLOYMENT_TARGET = 7.0;
				SDKROOT = iphoneos;
				VALIDATE_PRODUCT = YES;
			};
			name = Release;
		};
		42B0DFF017A81E2800BACB2C /* Debug */ = {
			isa = XCBuildConfiguration;
			buildSettings = {
				ASSETCATALOG_COMPILER_APPICON_NAME = AppIcon;
				ASSETCATALOG_COMPILER_LAUNCHIMAGE_NAME = LaunchImage;
				CODE_SIGN_IDENTITY = "iPhone Developer";
				GCC_PRECOMPILE_PREFIX_HEADER = YES;
				GCC_PREFIX_HEADER = "pixster/pixster-Prefix.pch";
				INFOPLIST_FILE = "pixster/pixster-Info.plist";
				IPHONEOS_DEPLOYMENT_TARGET = 6.1;
				PRODUCT_NAME = "$(TARGET_NAME)";
				WRAPPER_EXTENSION = app;
			};
			name = Debug;
		};
		42B0DFF117A81E2800BACB2C /* Release */ = {
			isa = XCBuildConfiguration;
			buildSettings = {
				ASSETCATALOG_COMPILER_APPICON_NAME = AppIcon;
				ASSETCATALOG_COMPILER_LAUNCHIMAGE_NAME = LaunchImage;
				CODE_SIGN_IDENTITY = "iPhone Developer";
				GCC_PRECOMPILE_PREFIX_HEADER = YES;
				GCC_PREFIX_HEADER = "pixster/pixster-Prefix.pch";
				INFOPLIST_FILE = "pixster/pixster-Info.plist";
				IPHONEOS_DEPLOYMENT_TARGET = 6.1;
				PRODUCT_NAME = "$(TARGET_NAME)";
				WRAPPER_EXTENSION = app;
			};
			name = Release;
		};
		42B0DFF317A81E2800BACB2C /* Debug */ = {
			isa = XCBuildConfiguration;
			buildSettings = {
				BUNDLE_LOADER = "$(BUILT_PRODUCTS_DIR)/pixster.app/pixster";
				FRAMEWORK_SEARCH_PATHS = (
					"$(SDKROOT)/Developer/Library/Frameworks",
					"$(inherited)",
					"$(DEVELOPER_FRAMEWORKS_DIR)",
				);
				GCC_PRECOMPILE_PREFIX_HEADER = YES;
				GCC_PREFIX_HEADER = "pixster/pixster-Prefix.pch";
				GCC_PREPROCESSOR_DEFINITIONS = (
					"DEBUG=1",
					"$(inherited)",
				);
				INFOPLIST_FILE = "pixsterTests/pixsterTests-Info.plist";
				PRODUCT_NAME = "$(TARGET_NAME)";
				TEST_HOST = "$(BUNDLE_LOADER)";
				WRAPPER_EXTENSION = xctest;
			};
			name = Debug;
		};
		42B0DFF417A81E2800BACB2C /* Release */ = {
			isa = XCBuildConfiguration;
			buildSettings = {
				BUNDLE_LOADER = "$(BUILT_PRODUCTS_DIR)/pixster.app/pixster";
				FRAMEWORK_SEARCH_PATHS = (
					"$(SDKROOT)/Developer/Library/Frameworks",
					"$(inherited)",
					"$(DEVELOPER_FRAMEWORKS_DIR)",
				);
				GCC_PRECOMPILE_PREFIX_HEADER = YES;
				GCC_PREFIX_HEADER = "pixster/pixster-Prefix.pch";
				INFOPLIST_FILE = "pixsterTests/pixsterTests-Info.plist";
				PRODUCT_NAME = "$(TARGET_NAME)";
				TEST_HOST = "$(BUNDLE_LOADER)";
				WRAPPER_EXTENSION = xctest;
			};
			name = Release;
		};
/* End XCBuildConfiguration section */

/* Begin XCConfigurationList section */
		42B0DFBE17A81E2800BACB2C /* Build configuration list for PBXProject "pixster" */ = {
			isa = XCConfigurationList;
			buildConfigurations = (
				42B0DFED17A81E2800BACB2C /* Debug */,
				42B0DFEE17A81E2800BACB2C /* Release */,
			);
			defaultConfigurationIsVisible = 0;
			defaultConfigurationName = Release;
		};
		42B0DFEF17A81E2800BACB2C /* Build configuration list for PBXNativeTarget "pixster" */ = {
			isa = XCConfigurationList;
			buildConfigurations = (
				42B0DFF017A81E2800BACB2C /* Debug */,
				42B0DFF117A81E2800BACB2C /* Release */,
			);
			defaultConfigurationIsVisible = 0;
		};
		42B0DFF217A81E2800BACB2C /* Build configuration list for PBXNativeTarget "pixsterTests" */ = {
			isa = XCConfigurationList;
			buildConfigurations = (
				42B0DFF317A81E2800BACB2C /* Debug */,
				42B0DFF417A81E2800BACB2C /* Release */,
			);
			defaultConfigurationIsVisible = 0;
		};
/* End XCConfigurationList section */
	};
	rootObject = 42B0DFBB17A81E2800BACB2C /* Project object */;
}
